{
  "originHash" : "f36db4f5918d47a2752ac2294796b44397471e1f8167c33d834dd45c536f587e",
  "pins" : [
    {
      "identity" : "newrelic-ios-agent-spm",
      "kind" : "remoteSourceControl",
      "location" : "https://github.com/newrelic/newrelic-ios-agent-spm",
      "state" : {
        "branch" : "main",
        "revision" : "c7228afb2131f47e79f6f0ea8c6a2586802021a1"
      }
    }
  ],
  "version" : 3
}
